{
  "version": 4,
  "terraform_version": "0.13.2",
  "serial": 361,
  "lineage": "ab80f796-26ef-6de0-0251-f77429f76bb1",
  "outputs": {},
  "resources": [
    {
      "mode": "managed",
      "type": "aws_security_group",
      "name": "basic_security",
      "provider": "provider[\"registry.terraform.io/hashicorp/aws\"]",
      "instances": [
        {
          "schema_version": 1,
          "attributes": {
            "arn": "arn:aws:ec2:us-east-2:794308064805:security-group/sg-03cb439a4f2b7ef5d",
            "description": "Managed by Terraform",
            "egress": [],
            "id": "sg-03cb439a4f2b7ef5d",
            "ingress": [
              {
                "cidr_blocks": [
                  "0.0.0.0/0"
                ],
                "description": "",
                "from_port": 22,
                "ipv6_cidr_blocks": [],
                "prefix_list_ids": [],
                "protocol": "tcp",
                "security_groups": [],
                "self": false,
                "to_port": 22
              },
              {
                "cidr_blocks": [
                  "0.0.0.0/0"
                ],
                "description": "",
                "from_port": 8090,
                "ipv6_cidr_blocks": [],
                "prefix_list_ids": [],
                "protocol": "tcp",
                "security_groups": [],
                "self": false,
                "to_port": 8090
              }
            ],
            "name": "terraform-20201106234851447000000001",
            "name_prefix": "",
            "owner_id": "794308064805",
            "revoke_rules_on_delete": false,
            "tags": {},
            "timeouts": null,
            "vpc_id": "vpc-624be209"
          }
        }
      ]
    }
  ]
}
